
Microsoft Visual Studio Solution File, Format Version 12.00
# Visual Studio Version 16
VisualStudioVersion = 25.0.1706.9
MinimumVisualStudioVersion = 10.0.40219.1
Project("{FAE04EC0-301F-11D3-BF4B-00C04F79EFBC}") = "test", "test\test.csproj", "{6CAFE8EE-4485-4273-8A23-7499CFB84E54}"
EndProject
Global
	GlobalSection(SolutionConfigurationPlatforms) = preSolution
		Debug|Any CPU = Debug|Any CPU
		Release|Any CPU = Release|Any CPU
	EndGlobalSection
	GlobalSection(ProjectConfigurationPlatforms) = postSolution
		{6CAFE8EE-4485-4273-8A23-7499CFB84E54}.Debug|Any CPU.ActiveCfg = Debug|Any CPU
		{6CAFE8EE-4485-4273-8A23-7499CFB84E54}.Debug|Any CPU.Build.0 = Debug|Any CPU
		{6CAFE8EE-4485-4273-8A23-7499CFB84E54}.Release|Any CPU.ActiveCfg = Release|Any CPU
		{6CAFE8EE-4485-4273-8A23-7499CFB84E54}.Release|Any CPU.Build.0 = Release|Any CPU
	EndGlobalSection
	GlobalSection(SolutionProperties) = preSolution
		HideSolutionNode = FALSE
	EndGlobalSection
	GlobalSection(ExtensibilityGlobals) = postSolution
		SolutionGuid = {08316CE2-9177-4FCC-90BA-220754EA31F0}
	EndGlobalSection
EndGlobal
