
Microsoft Visual Studio Solution File, Format Version 12.00
# Visual Studio Version 16
VisualStudioVersion = 25.0.1706.8
MinimumVisualStudioVersion = 10.0.40219.1
Project("{FAE04EC0-301F-11D3-BF4B-00C04F79EFBC}") = "Test_App", "Test_App\Test_App.csproj", "{41070F6D-77B3-4422-A1C7-373CA06F485A}"
EndProject
Global
	GlobalSection(SolutionConfigurationPlatforms) = preSolution
		Debug|Any CPU = Debug|Any CPU
		Release|Any CPU = Release|Any CPU
	EndGlobalSection
	GlobalSection(ProjectConfigurationPlatforms) = postSolution
		{41070F6D-77B3-4422-A1C7-373CA06F485A}.Debug|Any CPU.ActiveCfg = Debug|Any CPU
		{41070F6D-77B3-4422-A1C7-373CA06F485A}.Debug|Any CPU.Build.0 = Debug|Any CPU
		{41070F6D-77B3-4422-A1C7-373CA06F485A}.Release|Any CPU.ActiveCfg = Release|Any CPU
		{41070F6D-77B3-4422-A1C7-373CA06F485A}.Release|Any CPU.Build.0 = Release|Any CPU
	EndGlobalSection
	GlobalSection(SolutionProperties) = preSolution
		HideSolutionNode = FALSE
	EndGlobalSection
	GlobalSection(ExtensibilityGlobals) = postSolution
		SolutionGuid = {D464EA07-6A11-4C71-AC41-58EB3A538266}
	EndGlobalSection
EndGlobal
